
Microsoft Visual Studio Solution File, Format Version 12.00
# Visual Studio Version 17
VisualStudioVersion = 17.4.33205.214
MinimumVisualStudioVersion = 10.0.40219.1
Project("{8BC9CEB8-8B4A-11D0-8D11-00A0C91BC942}") = "Client", "Client\Client.vcxproj", "{AA688B1D-C46A-4949-B348-D54968183D83}"
EndProject
Project("{8BC9CEB8-8B4A-11D0-8D11-00A0C91BC942}") = "Server", "Server\Server.vcxproj", "{BBC439D6-6D1B-450A-9E54-6F7D9188D30B}"
EndProject
Global
	GlobalSection(SolutionConfigurationPlatforms) = preSolution
		Debug|x64 = Debug|x64
		Debug|x86 = Debug|x86
		Release|x64 = Release|x64
		Release|x86 = Release|x86
	EndGlobalSection
	GlobalSection(ProjectConfigurationPlatforms) = postSolution
		{AA688B1D-C46A-4949-B348-D54968183D83}.Debug|x64.ActiveCfg = Debug|x64
		{AA688B1D-C46A-4949-B348-D54968183D83}.Debug|x64.Build.0 = Debug|x64
		{AA688B1D-C46A-4949-B348-D54968183D83}.Debug|x86.ActiveCfg = Debug|Win32
		{AA688B1D-C46A-4949-B348-D54968183D83}.Debug|x86.Build.0 = Debug|Win32
		{AA688B1D-C46A-4949-B348-D54968183D83}.Release|x64.ActiveCfg = Release|x64
		{AA688B1D-C46A-4949-B348-D54968183D83}.Release|x64.Build.0 = Release|x64
		{AA688B1D-C46A-4949-B348-D54968183D83}.Release|x86.ActiveCfg = Release|Win32
		{AA688B1D-C46A-4949-B348-D54968183D83}.Release|x86.Build.0 = Release|Win32
		{BBC439D6-6D1B-450A-9E54-6F7D9188D30B}.Debug|x64.ActiveCfg = Debug|x64
		{BBC439D6-6D1B-450A-9E54-6F7D9188D30B}.Debug|x64.Build.0 = Debug|x64
		{BBC439D6-6D1B-450A-9E54-6F7D9188D30B}.Debug|x86.ActiveCfg = Debug|Win32
		{BBC439D6-6D1B-450A-9E54-6F7D9188D30B}.Debug|x86.Build.0 = Debug|Win32
		{BBC439D6-6D1B-450A-9E54-6F7D9188D30B}.Release|x64.ActiveCfg = Release|x64
		{BBC439D6-6D1B-450A-9E54-6F7D9188D30B}.Release|x64.Build.0 = Release|x64
		{BBC439D6-6D1B-450A-9E54-6F7D9188D30B}.Release|x86.ActiveCfg = Release|Win32
		{BBC439D6-6D1B-450A-9E54-6F7D9188D30B}.Release|x86.Build.0 = Release|Win32
	EndGlobalSection
	GlobalSection(SolutionProperties) = preSolution
		HideSolutionNode = FALSE
	EndGlobalSection
	GlobalSection(ExtensibilityGlobals) = postSolution
		SolutionGuid = {66A029AF-25B4-4245-B041-2A3D7836825E}
	EndGlobalSection
EndGlobal
